
Microsoft Visual Studio Solution File, Format Version 12.00
# Visual Studio Version 17
VisualStudioVersion = 17.14.36414.22 d17.14
MinimumVisualStudioVersion = 10.0.40219.1
Project("{FAE04EC0-301F-11D3-BF4B-00C04F79EFBC}") = "basisProgrammeringGameCollection", "basisProgrammeringGameCollection.csproj", "{7B1E6B66-A8C7-4586-9F4D-F27985EA5D9E}"
EndProject
Global
	GlobalSection(SolutionConfigurationPlatforms) = preSolution
		Debug|Any CPU = Debug|Any CPU
		Release|Any CPU = Release|Any CPU
	EndGlobalSection
	GlobalSection(ProjectConfigurationPlatforms) = postSolution
		{7B1E6B66-A8C7-4586-9F4D-F27985EA5D9E}.Debug|Any CPU.ActiveCfg = Debug|Any CPU
		{7B1E6B66-A8C7-4586-9F4D-F27985EA5D9E}.Debug|Any CPU.Build.0 = Debug|Any CPU
		{7B1E6B66-A8C7-4586-9F4D-F27985EA5D9E}.Release|Any CPU.ActiveCfg = Release|Any CPU
		{7B1E6B66-A8C7-4586-9F4D-F27985EA5D9E}.Release|Any CPU.Build.0 = Release|Any CPU
	EndGlobalSection
	GlobalSection(SolutionProperties) = preSolution
		HideSolutionNode = FALSE
	EndGlobalSection
	GlobalSection(ExtensibilityGlobals) = postSolution
		SolutionGuid = {78D049EE-6406-4C4A-B812-7C95DA73BA63}
	EndGlobalSection
EndGlobal
